
Microsoft Visual Studio Solution File, Format Version 10.00
# Visual Studio 2008
Project("{8BC9CEB8-8B4A-11D0-8D11-00A0C91BC942}") = "BoostInvestigation01", "BoostInvestigation01\BoostInvestigation01.vcproj", "{3D64AD0E-7161-4DB7-8F57-3A5A9F4C8BF0}"
EndProject
Project("{8BC9CEB8-8B4A-11D0-8D11-00A0C91BC942}") = "BoostInvestigation02", "BoostInvestigation02\BoostInvestigation02.vcproj", "{1DFA62A5-E7D1-40A4-8D74-6B71D99E71C5}"
EndProject
Global
	GlobalSection(SolutionConfigurationPlatforms) = preSolution
		Debug|Win32 = Debug|Win32
		Release|Win32 = Release|Win32
	EndGlobalSection
	GlobalSection(ProjectConfigurationPlatforms) = postSolution
		{3D64AD0E-7161-4DB7-8F57-3A5A9F4C8BF0}.Debug|Win32.ActiveCfg = Debug|Win32
		{3D64AD0E-7161-4DB7-8F57-3A5A9F4C8BF0}.Debug|Win32.Build.0 = Debug|Win32
		{3D64AD0E-7161-4DB7-8F57-3A5A9F4C8BF0}.Release|Win32.ActiveCfg = Release|Win32
		{3D64AD0E-7161-4DB7-8F57-3A5A9F4C8BF0}.Release|Win32.Build.0 = Release|Win32
		{1DFA62A5-E7D1-40A4-8D74-6B71D99E71C5}.Debug|Win32.ActiveCfg = Debug|Win32
		{1DFA62A5-E7D1-40A4-8D74-6B71D99E71C5}.Debug|Win32.Build.0 = Debug|Win32
		{1DFA62A5-E7D1-40A4-8D74-6B71D99E71C5}.Release|Win32.ActiveCfg = Release|Win32
		{1DFA62A5-E7D1-40A4-8D74-6B71D99E71C5}.Release|Win32.Build.0 = Release|Win32
	EndGlobalSection
	GlobalSection(SolutionProperties) = preSolution
		HideSolutionNode = FALSE
	EndGlobalSection
EndGlobal
