
Microsoft Visual Studio Solution File, Format Version 10.00
# Visual Studio 2008
Project("{8BC9CEB8-8B4A-11D0-8D11-00A0C91BC942}") = "BoostInvestigation01", "BoostInvestigation01\BoostInvestigation01.vcproj", "{3D64AD0E-7161-4DB7-8F57-3A5A9F4C8BF0}"
EndProject
Project("{8BC9CEB8-8B4A-11D0-8D11-00A0C91BC942}") = "BoostInvestigation02", "BoostInvestigation02\BoostInvestigation02.vcproj", "{1DFA62A5-E7D1-40A4-8D74-6B71D99E71C5}"
EndProject
Project("{8BC9CEB8-8B4A-11D0-8D11-00A0C91BC942}") = "Sample01", "Sample01\Sample01.vcproj", "{D2889580-6320-4D9F-832D-161CB1ECC50A}"
EndProject
Project("{8BC9CEB8-8B4A-11D0-8D11-00A0C91BC942}") = "Sample01PS", "Sample01\Sample01PS.vcproj", "{E8939324-8A79-4253-A8A9-94847C4BC502}"
	ProjectSection(ProjectDependencies) = postProject
		{D2889580-6320-4D9F-832D-161CB1ECC50A} = {D2889580-6320-4D9F-832D-161CB1ECC50A}
	EndProjectSection
EndProject
Project("{FAE04EC0-301F-11D3-BF4B-00C04F79EFBC}") = "Sample01Test", "Sample01Test\Sample01Test.csproj", "{CAED2C76-D753-4A20-9D62-625EDB6E3A9E}"
	ProjectSection(ProjectDependencies) = postProject
		{E8939324-8A79-4253-A8A9-94847C4BC502} = {E8939324-8A79-4253-A8A9-94847C4BC502}
		{D2889580-6320-4D9F-832D-161CB1ECC50A} = {D2889580-6320-4D9F-832D-161CB1ECC50A}
	EndProjectSection
EndProject
Project("{8BC9CEB8-8B4A-11D0-8D11-00A0C91BC942}") = "Sample02", "Sample02\Sample02.vcproj", "{1E581AD3-E5DD-41DD-BEA7-8DC8FFD57816}"
EndProject
Project("{8BC9CEB8-8B4A-11D0-8D11-00A0C91BC942}") = "Sample02PS", "Sample02\Sample02PS.vcproj", "{228D507C-4E20-4215-9FD4-274B1AD613A9}"
	ProjectSection(ProjectDependencies) = postProject
		{1E581AD3-E5DD-41DD-BEA7-8DC8FFD57816} = {1E581AD3-E5DD-41DD-BEA7-8DC8FFD57816}
	EndProjectSection
EndProject
Project("{FAE04EC0-301F-11D3-BF4B-00C04F79EFBC}") = "Sample02Test", "Sample02Test\Sample02Test.csproj", "{2A0403BE-F201-426F-A097-6F1D770CA4DB}"
	ProjectSection(ProjectDependencies) = postProject
		{228D507C-4E20-4215-9FD4-274B1AD613A9} = {228D507C-4E20-4215-9FD4-274B1AD613A9}
		{1E581AD3-E5DD-41DD-BEA7-8DC8FFD57816} = {1E581AD3-E5DD-41DD-BEA7-8DC8FFD57816}
	EndProjectSection
EndProject
Project("{8BC9CEB8-8B4A-11D0-8D11-00A0C91BC942}") = "Sample03", "Sample03\Sample03.vcproj", "{448E5E3B-E3A2-49CC-AE2F-857E312EF7E5}"
EndProject
Project("{8BC9CEB8-8B4A-11D0-8D11-00A0C91BC942}") = "Sample03PS", "Sample03\Sample03PS.vcproj", "{9A64BF22-5DBF-4954-860D-886094A31186}"
	ProjectSection(ProjectDependencies) = postProject
		{448E5E3B-E3A2-49CC-AE2F-857E312EF7E5} = {448E5E3B-E3A2-49CC-AE2F-857E312EF7E5}
	EndProjectSection
EndProject
Project("{FAE04EC0-301F-11D3-BF4B-00C04F79EFBC}") = "Sample03Test", "Sample03Test\Sample03Test.csproj", "{2D96DFC0-C502-4DEE-9E10-96C76D34AE9A}"
	ProjectSection(ProjectDependencies) = postProject
		{9A64BF22-5DBF-4954-860D-886094A31186} = {9A64BF22-5DBF-4954-860D-886094A31186}
		{448E5E3B-E3A2-49CC-AE2F-857E312EF7E5} = {448E5E3B-E3A2-49CC-AE2F-857E312EF7E5}
	EndProjectSection
EndProject
Project("{8BC9CEB8-8B4A-11D0-8D11-00A0C91BC942}") = "Sample03Test2", "Sample03Test2\Sample03Test2.vcproj", "{452E6B85-3B8A-4AE4-8AD2-41FF2BD93AC9}"
EndProject
Project("{8BC9CEB8-8B4A-11D0-8D11-00A0C91BC942}") = "MetaDataApiSample01", "MetaDataApiSample01\MetaDataApiSample01.vcproj", "{51E24B9A-B5FB-4C33-A0B7-6BD854F202CF}"
EndProject
Project("{8BC9CEB8-8B4A-11D0-8D11-00A0C91BC942}") = "MetaDataApiSample01PS", "MetaDataApiSample01\MetaDataApiSample01PS.vcproj", "{F5A10FDD-059A-4A66-A9BD-84E15DF470F5}"
	ProjectSection(ProjectDependencies) = postProject
		{51E24B9A-B5FB-4C33-A0B7-6BD854F202CF} = {51E24B9A-B5FB-4C33-A0B7-6BD854F202CF}
	EndProjectSection
EndProject
Project("{8BC9CEB8-8B4A-11D0-8D11-00A0C91BC942}") = "MetaDataApiSample01Test", "MetaDataApiSample01Test\MetaDataApiSample01Test.vcproj", "{A3378A50-10B9-4FEF-A76C-4B750FFBB076}"
	ProjectSection(ProjectDependencies) = postProject
		{51E24B9A-B5FB-4C33-A0B7-6BD854F202CF} = {51E24B9A-B5FB-4C33-A0B7-6BD854F202CF}
	EndProjectSection
EndProject
Project("{8BC9CEB8-8B4A-11D0-8D11-00A0C91BC942}") = "ProfilingApiSample01", "ProfilingApiSample01\ProfilingApiSample01.vcproj", "{34C61D32-8232-4AD1-BC3F-3B0601282436}"
EndProject
Project("{8BC9CEB8-8B4A-11D0-8D11-00A0C91BC942}") = "ProfilingApiSample01PS", "ProfilingApiSample01\ProfilingApiSample01PS.vcproj", "{A2C2EC5A-62D7-4A99-A60E-1A605D12DA48}"
	ProjectSection(ProjectDependencies) = postProject
		{34C61D32-8232-4AD1-BC3F-3B0601282436} = {34C61D32-8232-4AD1-BC3F-3B0601282436}
	EndProjectSection
EndProject
Project("{8BC9CEB8-8B4A-11D0-8D11-00A0C91BC942}") = "ProfilingApiSample01Test", "ProfilingApiSample01Test\ProfilingApiSample01Test.vcproj", "{47AF6AF3-9744-4CA6-9A9E-2CBF4DF77561}"
	ProjectSection(ProjectDependencies) = postProject
		{34C61D32-8232-4AD1-BC3F-3B0601282436} = {34C61D32-8232-4AD1-BC3F-3B0601282436}
	EndProjectSection
EndProject
Project("{FAE04EC0-301F-11D3-BF4B-00C04F79EFBC}") = "ProfilingApiSample01Target", "ProfilingApiSample01Target\ProfilingApiSample01Target.csproj", "{461305A1-EEC3-4BA7-B559-2C447D486C77}"
EndProject
Project("{8BC9CEB8-8B4A-11D0-8D11-00A0C91BC942}") = "MetaDataApiSample02", "MetaDataApiSample02\MetaDataApiSample02.vcproj", "{8E2BD71A-4724-4635-928A-F1A55D60580E}"
EndProject
Project("{8BC9CEB8-8B4A-11D0-8D11-00A0C91BC942}") = "MetaDataApiSample02PS", "MetaDataApiSample02\MetaDataApiSample02PS.vcproj", "{F25545DA-DA8E-4762-B341-A3A5718C3D1A}"
	ProjectSection(ProjectDependencies) = postProject
		{8E2BD71A-4724-4635-928A-F1A55D60580E} = {8E2BD71A-4724-4635-928A-F1A55D60580E}
	EndProjectSection
EndProject
Project("{8BC9CEB8-8B4A-11D0-8D11-00A0C91BC942}") = "MetaDataApiSample02Test", "MetaDataApiSample02Test\MetaDataApiSample02Test.vcproj", "{28F6F27E-9143-4F1B-96F7-D7DC63F97029}"
EndProject
Project("{FAE04EC0-301F-11D3-BF4B-00C04F79EFBC}") = "MetaDataApiSample02Target", "MetaDataApiSample02Target\MetaDataApiSample02Target.csproj", "{EAE27E7C-A420-455D-B738-DFE70F2EA03E}"
EndProject
Project("{8BC9CEB8-8B4A-11D0-8D11-00A0C91BC942}") = "ProfilingApiSample02", "ProfilingApiSample02\ProfilingApiSample02.vcproj", "{EBD9BC85-A7F6-43BE-BA3D-8B1560ED3108}"
EndProject
Project("{8BC9CEB8-8B4A-11D0-8D11-00A0C91BC942}") = "ProfilingApiSample02PS", "ProfilingApiSample02\ProfilingApiSample02PS.vcproj", "{8F6B6EF0-34A5-49D7-8223-A3758EB788FB}"
	ProjectSection(ProjectDependencies) = postProject
		{EBD9BC85-A7F6-43BE-BA3D-8B1560ED3108} = {EBD9BC85-A7F6-43BE-BA3D-8B1560ED3108}
	EndProjectSection
EndProject
Project("{8BC9CEB8-8B4A-11D0-8D11-00A0C91BC942}") = "ProfilingApiSample02Test", "ProfilingApiSample02Test\ProfilingApiSample02Test.vcproj", "{2FA94603-DE9C-40F1-B17C-A64F2484383A}"
EndProject
Project("{FAE04EC0-301F-11D3-BF4B-00C04F79EFBC}") = "ProfilingApiSample02Target", "ProfilingApiSample02Target\ProfilingApiSample02Target.csproj", "{6235D8DA-5062-4415-872B-6F6B38E6091D}"
EndProject
Project("{8BC9CEB8-8B4A-11D0-8D11-00A0C91BC942}") = "ProfilingApiSample03", "ProfilingApiSample03\ProfilingApiSample03.vcproj", "{03245094-1339-491F-89AC-C20E55BE7DD5}"
EndProject
Project("{8BC9CEB8-8B4A-11D0-8D11-00A0C91BC942}") = "ProfilingApiSample03PS", "ProfilingApiSample03\ProfilingApiSample03PS.vcproj", "{6833CE63-2B46-46F5-8C3D-9FFF72D52ECC}"
	ProjectSection(ProjectDependencies) = postProject
		{03245094-1339-491F-89AC-C20E55BE7DD5} = {03245094-1339-491F-89AC-C20E55BE7DD5}
	EndProjectSection
EndProject
Project("{8BC9CEB8-8B4A-11D0-8D11-00A0C91BC942}") = "ProfilingApiSample03Test", "ProfilingApiSample03Test\ProfilingApiSample03Test.vcproj", "{54C40A50-022E-49B8-90FA-66146B7E70C9}"
EndProject
Project("{FAE04EC0-301F-11D3-BF4B-00C04F79EFBC}") = "ProfilingApiSample03Target", "ProfilingApiSample03Target\ProfilingApiSample03Target.csproj", "{B82F6CE3-F9C1-41C1-B97E-9EA0158CC49A}"
EndProject
Project("{FAE04EC0-301F-11D3-BF4B-00C04F79EFBC}") = "ProfilingApiSample03Patch", "ProfilingApiSample03Patch\ProfilingApiSample03Patch.csproj", "{FA888140-944A-45D2-8350-793D47401DC7}"
EndProject
Global
	GlobalSection(SolutionConfigurationPlatforms) = preSolution
		Debug|Any CPU = Debug|Any CPU
		Debug|Mixed Platforms = Debug|Mixed Platforms
		Debug|Win32 = Debug|Win32
		Release|Any CPU = Release|Any CPU
		Release|Mixed Platforms = Release|Mixed Platforms
		Release|Win32 = Release|Win32
	EndGlobalSection
	GlobalSection(ProjectConfigurationPlatforms) = postSolution
		{3D64AD0E-7161-4DB7-8F57-3A5A9F4C8BF0}.Debug|Any CPU.ActiveCfg = Debug|Win32
		{3D64AD0E-7161-4DB7-8F57-3A5A9F4C8BF0}.Debug|Mixed Platforms.ActiveCfg = Debug|Win32
		{3D64AD0E-7161-4DB7-8F57-3A5A9F4C8BF0}.Debug|Mixed Platforms.Build.0 = Debug|Win32
		{3D64AD0E-7161-4DB7-8F57-3A5A9F4C8BF0}.Debug|Win32.ActiveCfg = Debug|Win32
		{3D64AD0E-7161-4DB7-8F57-3A5A9F4C8BF0}.Debug|Win32.Build.0 = Debug|Win32
		{3D64AD0E-7161-4DB7-8F57-3A5A9F4C8BF0}.Release|Any CPU.ActiveCfg = Release|Win32
		{3D64AD0E-7161-4DB7-8F57-3A5A9F4C8BF0}.Release|Mixed Platforms.ActiveCfg = Release|Win32
		{3D64AD0E-7161-4DB7-8F57-3A5A9F4C8BF0}.Release|Mixed Platforms.Build.0 = Release|Win32
		{3D64AD0E-7161-4DB7-8F57-3A5A9F4C8BF0}.Release|Win32.ActiveCfg = Release|Win32
		{3D64AD0E-7161-4DB7-8F57-3A5A9F4C8BF0}.Release|Win32.Build.0 = Release|Win32
		{1DFA62A5-E7D1-40A4-8D74-6B71D99E71C5}.Debug|Any CPU.ActiveCfg = Debug|Win32
		{1DFA62A5-E7D1-40A4-8D74-6B71D99E71C5}.Debug|Mixed Platforms.ActiveCfg = Debug|Win32
		{1DFA62A5-E7D1-40A4-8D74-6B71D99E71C5}.Debug|Mixed Platforms.Build.0 = Debug|Win32
		{1DFA62A5-E7D1-40A4-8D74-6B71D99E71C5}.Debug|Win32.ActiveCfg = Debug|Win32
		{1DFA62A5-E7D1-40A4-8D74-6B71D99E71C5}.Debug|Win32.Build.0 = Debug|Win32
		{1DFA62A5-E7D1-40A4-8D74-6B71D99E71C5}.Release|Any CPU.ActiveCfg = Release|Win32
		{1DFA62A5-E7D1-40A4-8D74-6B71D99E71C5}.Release|Mixed Platforms.ActiveCfg = Release|Win32
		{1DFA62A5-E7D1-40A4-8D74-6B71D99E71C5}.Release|Mixed Platforms.Build.0 = Release|Win32
		{1DFA62A5-E7D1-40A4-8D74-6B71D99E71C5}.Release|Win32.ActiveCfg = Release|Win32
		{1DFA62A5-E7D1-40A4-8D74-6B71D99E71C5}.Release|Win32.Build.0 = Release|Win32
		{D2889580-6320-4D9F-832D-161CB1ECC50A}.Debug|Any CPU.ActiveCfg = Debug|Win32
		{D2889580-6320-4D9F-832D-161CB1ECC50A}.Debug|Mixed Platforms.ActiveCfg = Debug|Win32
		{D2889580-6320-4D9F-832D-161CB1ECC50A}.Debug|Mixed Platforms.Build.0 = Debug|Win32
		{D2889580-6320-4D9F-832D-161CB1ECC50A}.Debug|Win32.ActiveCfg = Debug|Win32
		{D2889580-6320-4D9F-832D-161CB1ECC50A}.Debug|Win32.Build.0 = Debug|Win32
		{D2889580-6320-4D9F-832D-161CB1ECC50A}.Release|Any CPU.ActiveCfg = Release|Win32
		{D2889580-6320-4D9F-832D-161CB1ECC50A}.Release|Mixed Platforms.ActiveCfg = Release|Win32
		{D2889580-6320-4D9F-832D-161CB1ECC50A}.Release|Mixed Platforms.Build.0 = Release|Win32
		{D2889580-6320-4D9F-832D-161CB1ECC50A}.Release|Win32.ActiveCfg = Release|Win32
		{D2889580-6320-4D9F-832D-161CB1ECC50A}.Release|Win32.Build.0 = Release|Win32
		{E8939324-8A79-4253-A8A9-94847C4BC502}.Debug|Any CPU.ActiveCfg = Debug|Win32
		{E8939324-8A79-4253-A8A9-94847C4BC502}.Debug|Mixed Platforms.ActiveCfg = Debug|Win32
		{E8939324-8A79-4253-A8A9-94847C4BC502}.Debug|Mixed Platforms.Build.0 = Debug|Win32
		{E8939324-8A79-4253-A8A9-94847C4BC502}.Debug|Win32.ActiveCfg = Debug|Win32
		{E8939324-8A79-4253-A8A9-94847C4BC502}.Release|Any CPU.ActiveCfg = Release|Win32
		{E8939324-8A79-4253-A8A9-94847C4BC502}.Release|Mixed Platforms.ActiveCfg = Release|Win32
		{E8939324-8A79-4253-A8A9-94847C4BC502}.Release|Mixed Platforms.Build.0 = Release|Win32
		{E8939324-8A79-4253-A8A9-94847C4BC502}.Release|Win32.ActiveCfg = Release|Win32
		{CAED2C76-D753-4A20-9D62-625EDB6E3A9E}.Debug|Any CPU.ActiveCfg = Debug|Any CPU
		{CAED2C76-D753-4A20-9D62-625EDB6E3A9E}.Debug|Any CPU.Build.0 = Debug|Any CPU
		{CAED2C76-D753-4A20-9D62-625EDB6E3A9E}.Debug|Mixed Platforms.ActiveCfg = Debug|Any CPU
		{CAED2C76-D753-4A20-9D62-625EDB6E3A9E}.Debug|Mixed Platforms.Build.0 = Debug|Any CPU
		{CAED2C76-D753-4A20-9D62-625EDB6E3A9E}.Debug|Win32.ActiveCfg = Debug|Any CPU
		{CAED2C76-D753-4A20-9D62-625EDB6E3A9E}.Release|Any CPU.ActiveCfg = Release|Any CPU
		{CAED2C76-D753-4A20-9D62-625EDB6E3A9E}.Release|Any CPU.Build.0 = Release|Any CPU
		{CAED2C76-D753-4A20-9D62-625EDB6E3A9E}.Release|Mixed Platforms.ActiveCfg = Release|Any CPU
		{CAED2C76-D753-4A20-9D62-625EDB6E3A9E}.Release|Mixed Platforms.Build.0 = Release|Any CPU
		{CAED2C76-D753-4A20-9D62-625EDB6E3A9E}.Release|Win32.ActiveCfg = Release|Any CPU
		{1E581AD3-E5DD-41DD-BEA7-8DC8FFD57816}.Debug|Any CPU.ActiveCfg = Debug|Win32
		{1E581AD3-E5DD-41DD-BEA7-8DC8FFD57816}.Debug|Mixed Platforms.ActiveCfg = Debug|Win32
		{1E581AD3-E5DD-41DD-BEA7-8DC8FFD57816}.Debug|Mixed Platforms.Build.0 = Debug|Win32
		{1E581AD3-E5DD-41DD-BEA7-8DC8FFD57816}.Debug|Win32.ActiveCfg = Debug|Win32
		{1E581AD3-E5DD-41DD-BEA7-8DC8FFD57816}.Debug|Win32.Build.0 = Debug|Win32
		{1E581AD3-E5DD-41DD-BEA7-8DC8FFD57816}.Release|Any CPU.ActiveCfg = Release|Win32
		{1E581AD3-E5DD-41DD-BEA7-8DC8FFD57816}.Release|Mixed Platforms.ActiveCfg = Release|Win32
		{1E581AD3-E5DD-41DD-BEA7-8DC8FFD57816}.Release|Mixed Platforms.Build.0 = Release|Win32
		{1E581AD3-E5DD-41DD-BEA7-8DC8FFD57816}.Release|Win32.ActiveCfg = Release|Win32
		{1E581AD3-E5DD-41DD-BEA7-8DC8FFD57816}.Release|Win32.Build.0 = Release|Win32
		{228D507C-4E20-4215-9FD4-274B1AD613A9}.Debug|Any CPU.ActiveCfg = Debug|Win32
		{228D507C-4E20-4215-9FD4-274B1AD613A9}.Debug|Mixed Platforms.ActiveCfg = Debug|Win32
		{228D507C-4E20-4215-9FD4-274B1AD613A9}.Debug|Win32.ActiveCfg = Debug|Win32
		{228D507C-4E20-4215-9FD4-274B1AD613A9}.Release|Any CPU.ActiveCfg = Release|Win32
		{228D507C-4E20-4215-9FD4-274B1AD613A9}.Release|Mixed Platforms.ActiveCfg = Release|Win32
		{228D507C-4E20-4215-9FD4-274B1AD613A9}.Release|Win32.ActiveCfg = Release|Win32
		{2A0403BE-F201-426F-A097-6F1D770CA4DB}.Debug|Any CPU.ActiveCfg = Debug|Any CPU
		{2A0403BE-F201-426F-A097-6F1D770CA4DB}.Debug|Any CPU.Build.0 = Debug|Any CPU
		{2A0403BE-F201-426F-A097-6F1D770CA4DB}.Debug|Mixed Platforms.ActiveCfg = Debug|Any CPU
		{2A0403BE-F201-426F-A097-6F1D770CA4DB}.Debug|Mixed Platforms.Build.0 = Debug|Any CPU
		{2A0403BE-F201-426F-A097-6F1D770CA4DB}.Debug|Win32.ActiveCfg = Debug|Any CPU
		{2A0403BE-F201-426F-A097-6F1D770CA4DB}.Release|Any CPU.ActiveCfg = Release|Any CPU
		{2A0403BE-F201-426F-A097-6F1D770CA4DB}.Release|Any CPU.Build.0 = Release|Any CPU
		{2A0403BE-F201-426F-A097-6F1D770CA4DB}.Release|Mixed Platforms.ActiveCfg = Release|Any CPU
		{2A0403BE-F201-426F-A097-6F1D770CA4DB}.Release|Mixed Platforms.Build.0 = Release|Any CPU
		{2A0403BE-F201-426F-A097-6F1D770CA4DB}.Release|Win32.ActiveCfg = Release|Any CPU
		{448E5E3B-E3A2-49CC-AE2F-857E312EF7E5}.Debug|Any CPU.ActiveCfg = Debug|Win32
		{448E5E3B-E3A2-49CC-AE2F-857E312EF7E5}.Debug|Mixed Platforms.ActiveCfg = Debug|Win32
		{448E5E3B-E3A2-49CC-AE2F-857E312EF7E5}.Debug|Mixed Platforms.Build.0 = Debug|Win32
		{448E5E3B-E3A2-49CC-AE2F-857E312EF7E5}.Debug|Win32.ActiveCfg = Debug|Win32
		{448E5E3B-E3A2-49CC-AE2F-857E312EF7E5}.Debug|Win32.Build.0 = Debug|Win32
		{448E5E3B-E3A2-49CC-AE2F-857E312EF7E5}.Release|Any CPU.ActiveCfg = Release|Win32
		{448E5E3B-E3A2-49CC-AE2F-857E312EF7E5}.Release|Mixed Platforms.ActiveCfg = Release|Win32
		{448E5E3B-E3A2-49CC-AE2F-857E312EF7E5}.Release|Mixed Platforms.Build.0 = Release|Win32
		{448E5E3B-E3A2-49CC-AE2F-857E312EF7E5}.Release|Win32.ActiveCfg = Release|Win32
		{448E5E3B-E3A2-49CC-AE2F-857E312EF7E5}.Release|Win32.Build.0 = Release|Win32
		{9A64BF22-5DBF-4954-860D-886094A31186}.Debug|Any CPU.ActiveCfg = Debug|Win32
		{9A64BF22-5DBF-4954-860D-886094A31186}.Debug|Mixed Platforms.ActiveCfg = Debug|Win32
		{9A64BF22-5DBF-4954-860D-886094A31186}.Debug|Win32.ActiveCfg = Debug|Win32
		{9A64BF22-5DBF-4954-860D-886094A31186}.Release|Any CPU.ActiveCfg = Release|Win32
		{9A64BF22-5DBF-4954-860D-886094A31186}.Release|Mixed Platforms.ActiveCfg = Release|Win32
		{9A64BF22-5DBF-4954-860D-886094A31186}.Release|Win32.ActiveCfg = Release|Win32
		{2D96DFC0-C502-4DEE-9E10-96C76D34AE9A}.Debug|Any CPU.ActiveCfg = Debug|Any CPU
		{2D96DFC0-C502-4DEE-9E10-96C76D34AE9A}.Debug|Any CPU.Build.0 = Debug|Any CPU
		{2D96DFC0-C502-4DEE-9E10-96C76D34AE9A}.Debug|Mixed Platforms.ActiveCfg = Debug|Any CPU
		{2D96DFC0-C502-4DEE-9E10-96C76D34AE9A}.Debug|Mixed Platforms.Build.0 = Debug|Any CPU
		{2D96DFC0-C502-4DEE-9E10-96C76D34AE9A}.Debug|Win32.ActiveCfg = Debug|Any CPU
		{2D96DFC0-C502-4DEE-9E10-96C76D34AE9A}.Release|Any CPU.ActiveCfg = Release|Any CPU
		{2D96DFC0-C502-4DEE-9E10-96C76D34AE9A}.Release|Any CPU.Build.0 = Release|Any CPU
		{2D96DFC0-C502-4DEE-9E10-96C76D34AE9A}.Release|Mixed Platforms.ActiveCfg = Release|Any CPU
		{2D96DFC0-C502-4DEE-9E10-96C76D34AE9A}.Release|Mixed Platforms.Build.0 = Release|Any CPU
		{2D96DFC0-C502-4DEE-9E10-96C76D34AE9A}.Release|Win32.ActiveCfg = Release|Any CPU
		{452E6B85-3B8A-4AE4-8AD2-41FF2BD93AC9}.Debug|Any CPU.ActiveCfg = Debug|Win32
		{452E6B85-3B8A-4AE4-8AD2-41FF2BD93AC9}.Debug|Mixed Platforms.ActiveCfg = Debug|Win32
		{452E6B85-3B8A-4AE4-8AD2-41FF2BD93AC9}.Debug|Mixed Platforms.Build.0 = Debug|Win32
		{452E6B85-3B8A-4AE4-8AD2-41FF2BD93AC9}.Debug|Win32.ActiveCfg = Debug|Win32
		{452E6B85-3B8A-4AE4-8AD2-41FF2BD93AC9}.Debug|Win32.Build.0 = Debug|Win32
		{452E6B85-3B8A-4AE4-8AD2-41FF2BD93AC9}.Release|Any CPU.ActiveCfg = Release|Win32
		{452E6B85-3B8A-4AE4-8AD2-41FF2BD93AC9}.Release|Mixed Platforms.ActiveCfg = Release|Win32
		{452E6B85-3B8A-4AE4-8AD2-41FF2BD93AC9}.Release|Mixed Platforms.Build.0 = Release|Win32
		{452E6B85-3B8A-4AE4-8AD2-41FF2BD93AC9}.Release|Win32.ActiveCfg = Release|Win32
		{452E6B85-3B8A-4AE4-8AD2-41FF2BD93AC9}.Release|Win32.Build.0 = Release|Win32
		{51E24B9A-B5FB-4C33-A0B7-6BD854F202CF}.Debug|Any CPU.ActiveCfg = Debug|Win32
		{51E24B9A-B5FB-4C33-A0B7-6BD854F202CF}.Debug|Mixed Platforms.ActiveCfg = Debug|Win32
		{51E24B9A-B5FB-4C33-A0B7-6BD854F202CF}.Debug|Mixed Platforms.Build.0 = Debug|Win32
		{51E24B9A-B5FB-4C33-A0B7-6BD854F202CF}.Debug|Win32.ActiveCfg = Debug|Win32
		{51E24B9A-B5FB-4C33-A0B7-6BD854F202CF}.Debug|Win32.Build.0 = Debug|Win32
		{51E24B9A-B5FB-4C33-A0B7-6BD854F202CF}.Release|Any CPU.ActiveCfg = Release|Win32
		{51E24B9A-B5FB-4C33-A0B7-6BD854F202CF}.Release|Mixed Platforms.ActiveCfg = Release|Win32
		{51E24B9A-B5FB-4C33-A0B7-6BD854F202CF}.Release|Mixed Platforms.Build.0 = Release|Win32
		{51E24B9A-B5FB-4C33-A0B7-6BD854F202CF}.Release|Win32.ActiveCfg = Release|Win32
		{51E24B9A-B5FB-4C33-A0B7-6BD854F202CF}.Release|Win32.Build.0 = Release|Win32
		{F5A10FDD-059A-4A66-A9BD-84E15DF470F5}.Debug|Any CPU.ActiveCfg = Debug|Win32
		{F5A10FDD-059A-4A66-A9BD-84E15DF470F5}.Debug|Mixed Platforms.ActiveCfg = Debug|Win32
		{F5A10FDD-059A-4A66-A9BD-84E15DF470F5}.Debug|Win32.ActiveCfg = Debug|Win32
		{F5A10FDD-059A-4A66-A9BD-84E15DF470F5}.Release|Any CPU.ActiveCfg = Release|Win32
		{F5A10FDD-059A-4A66-A9BD-84E15DF470F5}.Release|Mixed Platforms.ActiveCfg = Release|Win32
		{F5A10FDD-059A-4A66-A9BD-84E15DF470F5}.Release|Win32.ActiveCfg = Release|Win32
		{A3378A50-10B9-4FEF-A76C-4B750FFBB076}.Debug|Any CPU.ActiveCfg = Debug|Win32
		{A3378A50-10B9-4FEF-A76C-4B750FFBB076}.Debug|Mixed Platforms.ActiveCfg = Debug|Win32
		{A3378A50-10B9-4FEF-A76C-4B750FFBB076}.Debug|Mixed Platforms.Build.0 = Debug|Win32
		{A3378A50-10B9-4FEF-A76C-4B750FFBB076}.Debug|Win32.ActiveCfg = Debug|Win32
		{A3378A50-10B9-4FEF-A76C-4B750FFBB076}.Debug|Win32.Build.0 = Debug|Win32
		{A3378A50-10B9-4FEF-A76C-4B750FFBB076}.Release|Any CPU.ActiveCfg = Release|Win32
		{A3378A50-10B9-4FEF-A76C-4B750FFBB076}.Release|Mixed Platforms.ActiveCfg = Release|Win32
		{A3378A50-10B9-4FEF-A76C-4B750FFBB076}.Release|Mixed Platforms.Build.0 = Release|Win32
		{A3378A50-10B9-4FEF-A76C-4B750FFBB076}.Release|Win32.ActiveCfg = Release|Win32
		{A3378A50-10B9-4FEF-A76C-4B750FFBB076}.Release|Win32.Build.0 = Release|Win32
		{34C61D32-8232-4AD1-BC3F-3B0601282436}.Debug|Any CPU.ActiveCfg = Debug|Win32
		{34C61D32-8232-4AD1-BC3F-3B0601282436}.Debug|Mixed Platforms.ActiveCfg = Debug|Win32
		{34C61D32-8232-4AD1-BC3F-3B0601282436}.Debug|Mixed Platforms.Build.0 = Debug|Win32
		{34C61D32-8232-4AD1-BC3F-3B0601282436}.Debug|Win32.ActiveCfg = Debug|Win32
		{34C61D32-8232-4AD1-BC3F-3B0601282436}.Debug|Win32.Build.0 = Debug|Win32
		{34C61D32-8232-4AD1-BC3F-3B0601282436}.Release|Any CPU.ActiveCfg = Release|Win32
		{34C61D32-8232-4AD1-BC3F-3B0601282436}.Release|Mixed Platforms.ActiveCfg = Release|Win32
		{34C61D32-8232-4AD1-BC3F-3B0601282436}.Release|Mixed Platforms.Build.0 = Release|Win32
		{34C61D32-8232-4AD1-BC3F-3B0601282436}.Release|Win32.ActiveCfg = Release|Win32
		{34C61D32-8232-4AD1-BC3F-3B0601282436}.Release|Win32.Build.0 = Release|Win32
		{A2C2EC5A-62D7-4A99-A60E-1A605D12DA48}.Debug|Any CPU.ActiveCfg = Debug|Win32
		{A2C2EC5A-62D7-4A99-A60E-1A605D12DA48}.Debug|Mixed Platforms.ActiveCfg = Debug|Win32
		{A2C2EC5A-62D7-4A99-A60E-1A605D12DA48}.Debug|Win32.ActiveCfg = Debug|Win32
		{A2C2EC5A-62D7-4A99-A60E-1A605D12DA48}.Release|Any CPU.ActiveCfg = Release|Win32
		{A2C2EC5A-62D7-4A99-A60E-1A605D12DA48}.Release|Mixed Platforms.ActiveCfg = Release|Win32
		{A2C2EC5A-62D7-4A99-A60E-1A605D12DA48}.Release|Win32.ActiveCfg = Release|Win32
		{47AF6AF3-9744-4CA6-9A9E-2CBF4DF77561}.Debug|Any CPU.ActiveCfg = Debug|Win32
		{47AF6AF3-9744-4CA6-9A9E-2CBF4DF77561}.Debug|Mixed Platforms.ActiveCfg = Debug|Win32
		{47AF6AF3-9744-4CA6-9A9E-2CBF4DF77561}.Debug|Mixed Platforms.Build.0 = Debug|Win32
		{47AF6AF3-9744-4CA6-9A9E-2CBF4DF77561}.Debug|Win32.ActiveCfg = Debug|Win32
		{47AF6AF3-9744-4CA6-9A9E-2CBF4DF77561}.Debug|Win32.Build.0 = Debug|Win32
		{47AF6AF3-9744-4CA6-9A9E-2CBF4DF77561}.Release|Any CPU.ActiveCfg = Release|Win32
		{47AF6AF3-9744-4CA6-9A9E-2CBF4DF77561}.Release|Mixed Platforms.ActiveCfg = Release|Win32
		{47AF6AF3-9744-4CA6-9A9E-2CBF4DF77561}.Release|Mixed Platforms.Build.0 = Release|Win32
		{47AF6AF3-9744-4CA6-9A9E-2CBF4DF77561}.Release|Win32.ActiveCfg = Release|Win32
		{47AF6AF3-9744-4CA6-9A9E-2CBF4DF77561}.Release|Win32.Build.0 = Release|Win32
		{461305A1-EEC3-4BA7-B559-2C447D486C77}.Debug|Any CPU.ActiveCfg = Debug|Any CPU
		{461305A1-EEC3-4BA7-B559-2C447D486C77}.Debug|Any CPU.Build.0 = Debug|Any CPU
		{461305A1-EEC3-4BA7-B559-2C447D486C77}.Debug|Mixed Platforms.ActiveCfg = Debug|Any CPU
		{461305A1-EEC3-4BA7-B559-2C447D486C77}.Debug|Mixed Platforms.Build.0 = Debug|Any CPU
		{461305A1-EEC3-4BA7-B559-2C447D486C77}.Debug|Win32.ActiveCfg = Debug|Any CPU
		{461305A1-EEC3-4BA7-B559-2C447D486C77}.Release|Any CPU.ActiveCfg = Release|Any CPU
		{461305A1-EEC3-4BA7-B559-2C447D486C77}.Release|Any CPU.Build.0 = Release|Any CPU
		{461305A1-EEC3-4BA7-B559-2C447D486C77}.Release|Mixed Platforms.ActiveCfg = Release|Any CPU
		{461305A1-EEC3-4BA7-B559-2C447D486C77}.Release|Mixed Platforms.Build.0 = Release|Any CPU
		{461305A1-EEC3-4BA7-B559-2C447D486C77}.Release|Win32.ActiveCfg = Release|Any CPU
		{8E2BD71A-4724-4635-928A-F1A55D60580E}.Debug|Any CPU.ActiveCfg = Debug|Win32
		{8E2BD71A-4724-4635-928A-F1A55D60580E}.Debug|Mixed Platforms.ActiveCfg = Debug|Win32
		{8E2BD71A-4724-4635-928A-F1A55D60580E}.Debug|Mixed Platforms.Build.0 = Debug|Win32
		{8E2BD71A-4724-4635-928A-F1A55D60580E}.Debug|Win32.ActiveCfg = Debug|Win32
		{8E2BD71A-4724-4635-928A-F1A55D60580E}.Debug|Win32.Build.0 = Debug|Win32
		{8E2BD71A-4724-4635-928A-F1A55D60580E}.Release|Any CPU.ActiveCfg = Release|Win32
		{8E2BD71A-4724-4635-928A-F1A55D60580E}.Release|Mixed Platforms.ActiveCfg = Release|Win32
		{8E2BD71A-4724-4635-928A-F1A55D60580E}.Release|Mixed Platforms.Build.0 = Release|Win32
		{8E2BD71A-4724-4635-928A-F1A55D60580E}.Release|Win32.ActiveCfg = Release|Win32
		{8E2BD71A-4724-4635-928A-F1A55D60580E}.Release|Win32.Build.0 = Release|Win32
		{F25545DA-DA8E-4762-B341-A3A5718C3D1A}.Debug|Any CPU.ActiveCfg = Debug|Win32
		{F25545DA-DA8E-4762-B341-A3A5718C3D1A}.Debug|Mixed Platforms.ActiveCfg = Debug|Win32
		{F25545DA-DA8E-4762-B341-A3A5718C3D1A}.Debug|Win32.ActiveCfg = Debug|Win32
		{F25545DA-DA8E-4762-B341-A3A5718C3D1A}.Release|Any CPU.ActiveCfg = Release|Win32
		{F25545DA-DA8E-4762-B341-A3A5718C3D1A}.Release|Mixed Platforms.ActiveCfg = Release|Win32
		{F25545DA-DA8E-4762-B341-A3A5718C3D1A}.Release|Win32.ActiveCfg = Release|Win32
		{28F6F27E-9143-4F1B-96F7-D7DC63F97029}.Debug|Any CPU.ActiveCfg = Debug|Win32
		{28F6F27E-9143-4F1B-96F7-D7DC63F97029}.Debug|Mixed Platforms.ActiveCfg = Debug|Win32
		{28F6F27E-9143-4F1B-96F7-D7DC63F97029}.Debug|Mixed Platforms.Build.0 = Debug|Win32
		{28F6F27E-9143-4F1B-96F7-D7DC63F97029}.Debug|Win32.ActiveCfg = Debug|Win32
		{28F6F27E-9143-4F1B-96F7-D7DC63F97029}.Debug|Win32.Build.0 = Debug|Win32
		{28F6F27E-9143-4F1B-96F7-D7DC63F97029}.Release|Any CPU.ActiveCfg = Release|Win32
		{28F6F27E-9143-4F1B-96F7-D7DC63F97029}.Release|Mixed Platforms.ActiveCfg = Release|Win32
		{28F6F27E-9143-4F1B-96F7-D7DC63F97029}.Release|Mixed Platforms.Build.0 = Release|Win32
		{28F6F27E-9143-4F1B-96F7-D7DC63F97029}.Release|Win32.ActiveCfg = Release|Win32
		{28F6F27E-9143-4F1B-96F7-D7DC63F97029}.Release|Win32.Build.0 = Release|Win32
		{EAE27E7C-A420-455D-B738-DFE70F2EA03E}.Debug|Any CPU.ActiveCfg = Debug|Any CPU
		{EAE27E7C-A420-455D-B738-DFE70F2EA03E}.Debug|Any CPU.Build.0 = Debug|Any CPU
		{EAE27E7C-A420-455D-B738-DFE70F2EA03E}.Debug|Mixed Platforms.ActiveCfg = Debug|Any CPU
		{EAE27E7C-A420-455D-B738-DFE70F2EA03E}.Debug|Mixed Platforms.Build.0 = Debug|Any CPU
		{EAE27E7C-A420-455D-B738-DFE70F2EA03E}.Debug|Win32.ActiveCfg = Debug|Any CPU
		{EAE27E7C-A420-455D-B738-DFE70F2EA03E}.Release|Any CPU.ActiveCfg = Release|Any CPU
		{EAE27E7C-A420-455D-B738-DFE70F2EA03E}.Release|Any CPU.Build.0 = Release|Any CPU
		{EAE27E7C-A420-455D-B738-DFE70F2EA03E}.Release|Mixed Platforms.ActiveCfg = Release|Any CPU
		{EAE27E7C-A420-455D-B738-DFE70F2EA03E}.Release|Mixed Platforms.Build.0 = Release|Any CPU
		{EAE27E7C-A420-455D-B738-DFE70F2EA03E}.Release|Win32.ActiveCfg = Release|Any CPU
		{EBD9BC85-A7F6-43BE-BA3D-8B1560ED3108}.Debug|Any CPU.ActiveCfg = Debug|Win32
		{EBD9BC85-A7F6-43BE-BA3D-8B1560ED3108}.Debug|Mixed Platforms.ActiveCfg = Debug|Win32
		{EBD9BC85-A7F6-43BE-BA3D-8B1560ED3108}.Debug|Mixed Platforms.Build.0 = Debug|Win32
		{EBD9BC85-A7F6-43BE-BA3D-8B1560ED3108}.Debug|Win32.ActiveCfg = Debug|Win32
		{EBD9BC85-A7F6-43BE-BA3D-8B1560ED3108}.Debug|Win32.Build.0 = Debug|Win32
		{EBD9BC85-A7F6-43BE-BA3D-8B1560ED3108}.Release|Any CPU.ActiveCfg = Release|Win32
		{EBD9BC85-A7F6-43BE-BA3D-8B1560ED3108}.Release|Mixed Platforms.ActiveCfg = Release|Win32
		{EBD9BC85-A7F6-43BE-BA3D-8B1560ED3108}.Release|Mixed Platforms.Build.0 = Release|Win32
		{EBD9BC85-A7F6-43BE-BA3D-8B1560ED3108}.Release|Win32.ActiveCfg = Release|Win32
		{EBD9BC85-A7F6-43BE-BA3D-8B1560ED3108}.Release|Win32.Build.0 = Release|Win32
		{8F6B6EF0-34A5-49D7-8223-A3758EB788FB}.Debug|Any CPU.ActiveCfg = Debug|Win32
		{8F6B6EF0-34A5-49D7-8223-A3758EB788FB}.Debug|Mixed Platforms.ActiveCfg = Debug|Win32
		{8F6B6EF0-34A5-49D7-8223-A3758EB788FB}.Debug|Win32.ActiveCfg = Debug|Win32
		{8F6B6EF0-34A5-49D7-8223-A3758EB788FB}.Release|Any CPU.ActiveCfg = Release|Win32
		{8F6B6EF0-34A5-49D7-8223-A3758EB788FB}.Release|Mixed Platforms.ActiveCfg = Release|Win32
		{8F6B6EF0-34A5-49D7-8223-A3758EB788FB}.Release|Win32.ActiveCfg = Release|Win32
		{2FA94603-DE9C-40F1-B17C-A64F2484383A}.Debug|Any CPU.ActiveCfg = Debug|Win32
		{2FA94603-DE9C-40F1-B17C-A64F2484383A}.Debug|Mixed Platforms.ActiveCfg = Debug|Win32
		{2FA94603-DE9C-40F1-B17C-A64F2484383A}.Debug|Mixed Platforms.Build.0 = Debug|Win32
		{2FA94603-DE9C-40F1-B17C-A64F2484383A}.Debug|Win32.ActiveCfg = Debug|Win32
		{2FA94603-DE9C-40F1-B17C-A64F2484383A}.Debug|Win32.Build.0 = Debug|Win32
		{2FA94603-DE9C-40F1-B17C-A64F2484383A}.Release|Any CPU.ActiveCfg = Release|Win32
		{2FA94603-DE9C-40F1-B17C-A64F2484383A}.Release|Mixed Platforms.ActiveCfg = Release|Win32
		{2FA94603-DE9C-40F1-B17C-A64F2484383A}.Release|Mixed Platforms.Build.0 = Release|Win32
		{2FA94603-DE9C-40F1-B17C-A64F2484383A}.Release|Win32.ActiveCfg = Release|Win32
		{2FA94603-DE9C-40F1-B17C-A64F2484383A}.Release|Win32.Build.0 = Release|Win32
		{6235D8DA-5062-4415-872B-6F6B38E6091D}.Debug|Any CPU.ActiveCfg = Debug|Any CPU
		{6235D8DA-5062-4415-872B-6F6B38E6091D}.Debug|Any CPU.Build.0 = Debug|Any CPU
		{6235D8DA-5062-4415-872B-6F6B38E6091D}.Debug|Mixed Platforms.ActiveCfg = Debug|Any CPU
		{6235D8DA-5062-4415-872B-6F6B38E6091D}.Debug|Mixed Platforms.Build.0 = Debug|Any CPU
		{6235D8DA-5062-4415-872B-6F6B38E6091D}.Debug|Win32.ActiveCfg = Debug|Any CPU
		{6235D8DA-5062-4415-872B-6F6B38E6091D}.Release|Any CPU.ActiveCfg = Release|Any CPU
		{6235D8DA-5062-4415-872B-6F6B38E6091D}.Release|Any CPU.Build.0 = Release|Any CPU
		{6235D8DA-5062-4415-872B-6F6B38E6091D}.Release|Mixed Platforms.ActiveCfg = Release|Any CPU
		{6235D8DA-5062-4415-872B-6F6B38E6091D}.Release|Mixed Platforms.Build.0 = Release|Any CPU
		{6235D8DA-5062-4415-872B-6F6B38E6091D}.Release|Win32.ActiveCfg = Release|Any CPU
		{03245094-1339-491F-89AC-C20E55BE7DD5}.Debug|Any CPU.ActiveCfg = Debug|Win32
		{03245094-1339-491F-89AC-C20E55BE7DD5}.Debug|Mixed Platforms.ActiveCfg = Debug|Win32
		{03245094-1339-491F-89AC-C20E55BE7DD5}.Debug|Mixed Platforms.Build.0 = Debug|Win32
		{03245094-1339-491F-89AC-C20E55BE7DD5}.Debug|Win32.ActiveCfg = Debug|Win32
		{03245094-1339-491F-89AC-C20E55BE7DD5}.Debug|Win32.Build.0 = Debug|Win32
		{03245094-1339-491F-89AC-C20E55BE7DD5}.Release|Any CPU.ActiveCfg = Release|Win32
		{03245094-1339-491F-89AC-C20E55BE7DD5}.Release|Mixed Platforms.ActiveCfg = Release|Win32
		{03245094-1339-491F-89AC-C20E55BE7DD5}.Release|Mixed Platforms.Build.0 = Release|Win32
		{03245094-1339-491F-89AC-C20E55BE7DD5}.Release|Win32.ActiveCfg = Release|Win32
		{03245094-1339-491F-89AC-C20E55BE7DD5}.Release|Win32.Build.0 = Release|Win32
		{6833CE63-2B46-46F5-8C3D-9FFF72D52ECC}.Debug|Any CPU.ActiveCfg = Debug|Win32
		{6833CE63-2B46-46F5-8C3D-9FFF72D52ECC}.Debug|Mixed Platforms.ActiveCfg = Debug|Win32
		{6833CE63-2B46-46F5-8C3D-9FFF72D52ECC}.Debug|Win32.ActiveCfg = Debug|Win32
		{6833CE63-2B46-46F5-8C3D-9FFF72D52ECC}.Release|Any CPU.ActiveCfg = Release|Win32
		{6833CE63-2B46-46F5-8C3D-9FFF72D52ECC}.Release|Mixed Platforms.ActiveCfg = Release|Win32
		{6833CE63-2B46-46F5-8C3D-9FFF72D52ECC}.Release|Win32.ActiveCfg = Release|Win32
		{54C40A50-022E-49B8-90FA-66146B7E70C9}.Debug|Any CPU.ActiveCfg = Debug|Win32
		{54C40A50-022E-49B8-90FA-66146B7E70C9}.Debug|Mixed Platforms.ActiveCfg = Debug|Win32
		{54C40A50-022E-49B8-90FA-66146B7E70C9}.Debug|Mixed Platforms.Build.0 = Debug|Win32
		{54C40A50-022E-49B8-90FA-66146B7E70C9}.Debug|Win32.ActiveCfg = Debug|Win32
		{54C40A50-022E-49B8-90FA-66146B7E70C9}.Debug|Win32.Build.0 = Debug|Win32
		{54C40A50-022E-49B8-90FA-66146B7E70C9}.Release|Any CPU.ActiveCfg = Release|Win32
		{54C40A50-022E-49B8-90FA-66146B7E70C9}.Release|Mixed Platforms.ActiveCfg = Release|Win32
		{54C40A50-022E-49B8-90FA-66146B7E70C9}.Release|Mixed Platforms.Build.0 = Release|Win32
		{54C40A50-022E-49B8-90FA-66146B7E70C9}.Release|Win32.ActiveCfg = Release|Win32
		{54C40A50-022E-49B8-90FA-66146B7E70C9}.Release|Win32.Build.0 = Release|Win32
		{B82F6CE3-F9C1-41C1-B97E-9EA0158CC49A}.Debug|Any CPU.ActiveCfg = Debug|Any CPU
		{B82F6CE3-F9C1-41C1-B97E-9EA0158CC49A}.Debug|Any CPU.Build.0 = Debug|Any CPU
		{B82F6CE3-F9C1-41C1-B97E-9EA0158CC49A}.Debug|Mixed Platforms.ActiveCfg = Debug|Any CPU
		{B82F6CE3-F9C1-41C1-B97E-9EA0158CC49A}.Debug|Mixed Platforms.Build.0 = Debug|Any CPU
		{B82F6CE3-F9C1-41C1-B97E-9EA0158CC49A}.Debug|Win32.ActiveCfg = Debug|Any CPU
		{B82F6CE3-F9C1-41C1-B97E-9EA0158CC49A}.Release|Any CPU.ActiveCfg = Release|Any CPU
		{B82F6CE3-F9C1-41C1-B97E-9EA0158CC49A}.Release|Any CPU.Build.0 = Release|Any CPU
		{B82F6CE3-F9C1-41C1-B97E-9EA0158CC49A}.Release|Mixed Platforms.ActiveCfg = Release|Any CPU
		{B82F6CE3-F9C1-41C1-B97E-9EA0158CC49A}.Release|Mixed Platforms.Build.0 = Release|Any CPU
		{B82F6CE3-F9C1-41C1-B97E-9EA0158CC49A}.Release|Win32.ActiveCfg = Release|Any CPU
		{FA888140-944A-45D2-8350-793D47401DC7}.Debug|Any CPU.ActiveCfg = Debug|Any CPU
		{FA888140-944A-45D2-8350-793D47401DC7}.Debug|Any CPU.Build.0 = Debug|Any CPU
		{FA888140-944A-45D2-8350-793D47401DC7}.Debug|Mixed Platforms.ActiveCfg = Debug|Any CPU
		{FA888140-944A-45D2-8350-793D47401DC7}.Debug|Mixed Platforms.Build.0 = Debug|Any CPU
		{FA888140-944A-45D2-8350-793D47401DC7}.Debug|Win32.ActiveCfg = Debug|Any CPU
		{FA888140-944A-45D2-8350-793D47401DC7}.Release|Any CPU.ActiveCfg = Release|Any CPU
		{FA888140-944A-45D2-8350-793D47401DC7}.Release|Any CPU.Build.0 = Release|Any CPU
		{FA888140-944A-45D2-8350-793D47401DC7}.Release|Mixed Platforms.ActiveCfg = Release|Any CPU
		{FA888140-944A-45D2-8350-793D47401DC7}.Release|Mixed Platforms.Build.0 = Release|Any CPU
		{FA888140-944A-45D2-8350-793D47401DC7}.Release|Win32.ActiveCfg = Release|Any CPU
	EndGlobalSection
	GlobalSection(SolutionProperties) = preSolution
		HideSolutionNode = FALSE
	EndGlobalSection
EndGlobal
