<?xml version="1.0" encoding="utf-8"?>
<Project ToolsVersion="4.0" xmlns="http://schemas.microsoft.com/developer/msbuild/2003">
  <ItemGroup>
    <Filter Include="ソース ファイル">
      <UniqueIdentifier>{4FC737F1-C7A5-4376-A066-2A32D752A2FF}</UniqueIdentifier>
      <Extensions>cpp;c;cc;cxx;def;odl;idl;hpj;bat;asm;asmx</Extensions>
    </Filter>
    <Filter Include="ヘッダー ファイル">
      <UniqueIdentifier>{93995380-89BD-4b04-88EB-625FBE52EBFB}</UniqueIdentifier>
      <Extensions>h;hpp;hxx;hm;inl;inc;xsd</Extensions>
    </Filter>
    <Filter Include="リソース ファイル">
      <UniqueIdentifier>{67DA6AB6-F800-4c08-8B7A-83BB121AAD01}</UniqueIdentifier>
      <Extensions>rc;ico;cur;bmp;dlg;rc2;rct;bin;rgs;gif;jpg;jpeg;jpe;resx;tiff;tif;png;wav;mfcribbon-ms</Extensions>
    </Filter>
    <Filter Include="ソース ファイル\Urasandesu">
      <UniqueIdentifier>{2cf81c63-f288-47a7-98e0-df1a97b0f8b3}</UniqueIdentifier>
    </Filter>
    <Filter Include="ソース ファイル\Urasandesu\CppAnonym">
      <UniqueIdentifier>{90abf040-8879-41c7-92aa-60454c6d56e4}</UniqueIdentifier>
    </Filter>
    <Filter Include="ソース ファイル\Urasandesu\CppAnonym\MetaData">
      <UniqueIdentifier>{5c5e3149-c0b3-49fd-9c6b-3dbb8cd951f3}</UniqueIdentifier>
    </Filter>
    <Filter Include="ソース ファイル\Urasandesu\CppAnonym\Profiling">
      <UniqueIdentifier>{37b1eee3-9ff6-4ec0-904b-2881c57be154}</UniqueIdentifier>
    </Filter>
    <Filter Include="ソース ファイル\Test">
      <UniqueIdentifier>{ecb69e88-b6a3-4639-9d36-2189aa4139f8}</UniqueIdentifier>
    </Filter>
    <Filter Include="ソース ファイル\Test\Urasandesu">
      <UniqueIdentifier>{f6da489e-53a7-436e-b0bb-fa222b3a2e4a}</UniqueIdentifier>
    </Filter>
    <Filter Include="ソース ファイル\Test\Urasandesu\CppAnonym">
      <UniqueIdentifier>{d041d6c9-e20e-41c6-8b6f-f4c4cbbb0b04}</UniqueIdentifier>
    </Filter>
  </ItemGroup>
  <ItemGroup>
    <None Include="ReadMe.txt" />
  </ItemGroup>
  <ItemGroup>
    <ClInclude Include="stdafx.h">
      <Filter>ヘッダー ファイル</Filter>
    </ClInclude>
    <ClInclude Include="targetver.h">
      <Filter>ヘッダー ファイル</Filter>
    </ClInclude>
  </ItemGroup>
  <ItemGroup>
    <ClCompile Include="stdafx.cpp">
      <Filter>ソース ファイル</Filter>
    </ClCompile>
    <ClCompile Include="ProfilingApiSample04Test.cpp">
      <Filter>ソース ファイル</Filter>
    </ClCompile>
    <ClCompile Include="..\ProfilingApiSample04\Urasandesu\CppAnonym\CppAnonymCOMException.cpp">
      <Filter>ソース ファイル\Urasandesu\CppAnonym</Filter>
    </ClCompile>
    <ClCompile Include="..\ProfilingApiSample04\Urasandesu\CppAnonym\CppAnonymException.cpp">
      <Filter>ソース ファイル\Urasandesu\CppAnonym</Filter>
    </ClCompile>
    <ClCompile Include="..\ProfilingApiSample04\Urasandesu\CppAnonym\CppAnonymSystemException.cpp">
      <Filter>ソース ファイル\Urasandesu\CppAnonym</Filter>
    </ClCompile>
    <ClCompile Include="..\ProfilingApiSample04\Urasandesu\CppAnonym\Environment.cpp">
      <Filter>ソース ファイル\Urasandesu\CppAnonym</Filter>
    </ClCompile>
    <ClCompile Include="..\ProfilingApiSample04\Urasandesu\CppAnonym\StackFrame.cpp">
      <Filter>ソース ファイル\Urasandesu\CppAnonym</Filter>
    </ClCompile>
    <ClCompile Include="..\ProfilingApiSample04\Urasandesu\CppAnonym\StackTrace.cpp">
      <Filter>ソース ファイル\Urasandesu\CppAnonym</Filter>
    </ClCompile>
    <ClCompile Include="..\ProfilingApiSample04\Urasandesu\CppAnonym\MetaData\DefaultAssemblyMetaDataApi.cpp">
      <Filter>ソース ファイル\Urasandesu\CppAnonym\MetaData</Filter>
    </ClCompile>
    <ClCompile Include="..\ProfilingApiSample04\Urasandesu\CppAnonym\MetaData\DefaultInfoMetaDataApi.cpp">
      <Filter>ソース ファイル\Urasandesu\CppAnonym\MetaData</Filter>
    </ClCompile>
    <ClCompile Include="..\ProfilingApiSample04\Urasandesu\CppAnonym\Profiling\DefaultInfoProfilingApi.cpp">
      <Filter>ソース ファイル\Urasandesu\CppAnonym\Profiling</Filter>
    </ClCompile>
    <ClCompile Include="IndiretionInterfacesTest.cpp">
      <Filter>ソース ファイル</Filter>
    </ClCompile>
    <ClCompile Include="Test\Urasandesu\CppAnonym\HeapProviderTest.cpp">
      <Filter>ソース ファイル\Test\Urasandesu\CppAnonym</Filter>
    </ClCompile>
  </ItemGroup>
</Project>