<?xml version="1.0" encoding="utf-8"?>
<Project ToolsVersion="4.0" xmlns="http://schemas.microsoft.com/developer/msbuild/2003">
  <ItemGroup>
    <Filter Include="ソース ファイル">
      <UniqueIdentifier>{607a184b-3f83-4464-b7d7-90eda3720a69}</UniqueIdentifier>
    </Filter>
    <Filter Include="生成されたファイル">
      <UniqueIdentifier>{a57da01e-c996-49f0-bccc-8d77e344e7b1}</UniqueIdentifier>
      <SourceControlFiles>False</SourceControlFiles>
    </Filter>
  </ItemGroup>
  <ItemGroup>
    <None Include="ProfilingApiSample04ps.def" />
  </ItemGroup>
  <ItemGroup>
    <ClCompile Include="ProfilingApiSample04_i.c">
      <Filter>生成されたファイル</Filter>
    </ClCompile>
    <ClCompile Include="ProfilingApiSample04_p.c">
      <Filter>生成されたファイル</Filter>
    </ClCompile>
    <ClCompile Include="dlldata.c">
      <Filter>生成されたファイル</Filter>
    </ClCompile>
  </ItemGroup>
</Project>