<?xml version="1.0" encoding="utf-8"?>
<Project ToolsVersion="4.0" xmlns="http://schemas.microsoft.com/developer/msbuild/2003">
  <ItemGroup>
    <Filter Include="ソース ファイル">
      <UniqueIdentifier>{4FC737F1-C7A5-4376-A066-2A32D752A2FF}</UniqueIdentifier>
      <Extensions>cpp;c;cc;cxx;def;odl;idl;hpj;bat;asm;asmx</Extensions>
    </Filter>
    <Filter Include="ソース ファイル\Urasandesu">
      <UniqueIdentifier>{4c055cec-61dc-4096-b51d-9ab1258c78f4}</UniqueIdentifier>
    </Filter>
    <Filter Include="ソース ファイル\Urasandesu\NAnonym">
      <UniqueIdentifier>{52f6a464-de28-4e9b-9c13-3182b19053ab}</UniqueIdentifier>
    </Filter>
    <Filter Include="ヘッダー ファイル">
      <UniqueIdentifier>{93995380-89BD-4b04-88EB-625FBE52EBFB}</UniqueIdentifier>
      <Extensions>h;hpp;hxx;hm;inl;inc;xsd</Extensions>
    </Filter>
    <Filter Include="リソース ファイル">
      <UniqueIdentifier>{67DA6AB6-F800-4c08-8B7A-83BB121AAD01}</UniqueIdentifier>
      <Extensions>rc;ico;cur;bmp;dlg;rc2;rct;bin;rgs;gif;jpg;jpeg;jpe;resx;tiff;tif;png;wav</Extensions>
    </Filter>
    <Filter Include="生成されたファイル">
      <UniqueIdentifier>{17cd99ea-9368-4971-b9b0-25883fda0f38}</UniqueIdentifier>
      <SourceControlFiles>False</SourceControlFiles>
    </Filter>
  </ItemGroup>
  <ItemGroup>
    <ClCompile Include="dllmain.cpp">
      <Filter>ソース ファイル</Filter>
    </ClCompile>
    <ClCompile Include="ExeWeaver.cpp">
      <Filter>ソース ファイル</Filter>
    </ClCompile>
    <ClCompile Include="ProfilingApiSample01.cpp">
      <Filter>ソース ファイル</Filter>
    </ClCompile>
    <ClCompile Include="stdafx.cpp">
      <Filter>ソース ファイル</Filter>
    </ClCompile>
    <ClCompile Include="..\ProfilingApiSample02\Urasandesu\NAnonym\Environment.cpp">
      <Filter>ソース ファイル\Urasandesu\NAnonym</Filter>
    </ClCompile>
    <ClCompile Include="..\ProfilingApiSample02\Urasandesu\NAnonym\NAnonymCOMException.cpp">
      <Filter>ソース ファイル\Urasandesu\NAnonym</Filter>
    </ClCompile>
    <ClCompile Include="..\ProfilingApiSample02\Urasandesu\NAnonym\NAnonymException.cpp">
      <Filter>ソース ファイル\Urasandesu\NAnonym</Filter>
    </ClCompile>
    <ClCompile Include="..\ProfilingApiSample02\Urasandesu\NAnonym\NAnonymSystemException.cpp">
      <Filter>ソース ファイル\Urasandesu\NAnonym</Filter>
    </ClCompile>
    <ClCompile Include="..\ProfilingApiSample02\Urasandesu\NAnonym\StackFrame.cpp">
      <Filter>ソース ファイル\Urasandesu\NAnonym</Filter>
    </ClCompile>
    <ClCompile Include="..\ProfilingApiSample02\Urasandesu\NAnonym\StackTrace.cpp">
      <Filter>ソース ファイル\Urasandesu\NAnonym</Filter>
    </ClCompile>
    <ClCompile Include="ProfilingApiSample01_i.c">
      <Filter>生成されたファイル</Filter>
    </ClCompile>
  </ItemGroup>
  <ItemGroup>
    <None Include="ProfilingApiSample01.def">
      <Filter>ソース ファイル</Filter>
    </None>
    <None Include="ExeWeaver.rgs">
      <Filter>リソース ファイル</Filter>
    </None>
    <None Include="ProfilingApiSample01.rgs">
      <Filter>リソース ファイル</Filter>
    </None>
    <None Include="ReadMe.txt" />
  </ItemGroup>
  <ItemGroup>
    <Midl Include="ProfilingApiSample01.idl">
      <Filter>ソース ファイル</Filter>
    </Midl>
  </ItemGroup>
  <ItemGroup>
    <ClInclude Include="dllmain.h">
      <Filter>ヘッダー ファイル</Filter>
    </ClInclude>
    <ClInclude Include="ExeWeaver.h">
      <Filter>ヘッダー ファイル</Filter>
    </ClInclude>
    <ClInclude Include="Resource.h">
      <Filter>ヘッダー ファイル</Filter>
    </ClInclude>
    <ClInclude Include="stdafx.h">
      <Filter>ヘッダー ファイル</Filter>
    </ClInclude>
    <ClInclude Include="targetver.h">
      <Filter>ヘッダー ファイル</Filter>
    </ClInclude>
    <ClInclude Include="ProfilingApiSample01_i.h">
      <Filter>生成されたファイル</Filter>
    </ClInclude>
  </ItemGroup>
  <ItemGroup>
    <ResourceCompile Include="ProfilingApiSample01.rc">
      <Filter>リソース ファイル</Filter>
    </ResourceCompile>
  </ItemGroup>
</Project>