<?xml version="1.0" encoding="utf-8"?>
<Project ToolsVersion="4.0" xmlns="http://schemas.microsoft.com/developer/msbuild/2003">
  <ItemGroup>
    <Filter Include="ソース ファイル">
      <UniqueIdentifier>{ad7d99d9-bc3d-4d9b-8b04-4bfa2762b8f8}</UniqueIdentifier>
    </Filter>
    <Filter Include="生成されたファイル">
      <UniqueIdentifier>{2ae62b1b-db33-49a6-a678-1364ccea90c0}</UniqueIdentifier>
      <SourceControlFiles>False</SourceControlFiles>
    </Filter>
  </ItemGroup>
  <ItemGroup>
    <ClCompile Include="dlldata.c">
      <Filter>生成されたファイル</Filter>
    </ClCompile>
    <ClCompile Include="MetaDataApiSample02_i.c">
      <Filter>生成されたファイル</Filter>
    </ClCompile>
    <ClCompile Include="MetaDataApiSample02_p.c">
      <Filter>生成されたファイル</Filter>
    </ClCompile>
  </ItemGroup>
  <ItemGroup>
    <None Include="MetaDataApiSample02ps.def" />
  </ItemGroup>
</Project>